// !$*UTF8*$!
{
	archiveVersion = 1;
	classes = {
	};
	objectVersion = 77;
	objects = {

/* Begin PBXContainerItemProxy section */
		8306B77A2CE8EFAE00FF9936 /* PBXContainerItemProxy */ = {
			isa = PBXContainerItemProxy;
			containerPortal = 8306B75E2CE8EFAD00FF9936 /* Project object */;
			proxyType = 1;
			remoteGlobalIDString = 8306B7652CE8EFAD00FF9936;
			remoteInfo = geoJSONEditor;
		};
		8306B7842CE8EFAE00FF9936 /* PBXContainerItemProxy */ = {
			isa = PBXContainerItemProxy;
			containerPortal = 8306B75E2CE8EFAD00FF9936 /* Project object */;
			proxyType = 1;
			remoteGlobalIDString = 8306B7652CE8EFAD00FF9936;
			remoteInfo = geoJSONEditor;
		};
/* End PBXContainerItemProxy section */

/* Begin PBXFileReference section */
		8306B7662CE8EFAD00FF9936 /* GeoSmith.app */ = {isa = PBXFileReference; explicitFileType = wrapper.application; includeInIndex = 0; path = GeoSmith.app; sourceTree = BUILT_PRODUCTS_DIR; };
		8306B7792CE8EFAE00FF9936 /* GeoSmithTests.xctest */ = {isa = PBXFileReference; explicitFileType = wrapper.cfbundle; includeInIndex = 0; path = GeoSmithTests.xctest; sourceTree = BUILT_PRODUCTS_DIR; };
		8306B7832CE8EFAE00FF9936 /* GeoSmithUITests.xctest */ = {isa = PBXFileReference; explicitFileType = wrapper.cfbundle; includeInIndex = 0; path = GeoSmithUITests.xctest; sourceTree = BUILT_PRODUCTS_DIR; };
/* End PBXFileReference section */

/* Begin PBXFileSystemSynchronizedBuildFileExceptionSet section */
		9D8BBA702D222974008AEBC7 /* Exceptions for "GeoSmith" folder in "GeoSmith" target */ = {
			isa = PBXFileSystemSynchronizedBuildFileExceptionSet;
			membershipExceptions = (
				"sample-1.geojson",
				"Sample/sample-1.geojson",
			);
			target = 8306B7652CE8EFAD00FF9936 /* GeoSmith */;
		};
/* End PBXFileSystemSynchronizedBuildFileExceptionSet section */

/* Begin PBXFileSystemSynchronizedRootGroup section */
		8306B7682CE8EFAD00FF9936 /* GeoSmith */ = {
			isa = PBXFileSystemSynchronizedRootGroup;
			exceptions = (
				9D8BBA702D222974008AEBC7 /* Exceptions for "GeoSmith" folder in "GeoSmith" target */,
			);
			path = GeoSmith;
			sourceTree = "<group>";
		};
		8306B77C2CE8EFAE00FF9936 /* GeoSmithTests */ = {
			isa = PBXFileSystemSynchronizedRootGroup;
			path = GeoSmithTests;
			sourceTree = "<group>";
		};
		8306B7862CE8EFAE00FF9936 /* GeoSmithUITests */ = {
			isa = PBXFileSystemSynchronizedRootGroup;
			path = GeoSmithUITests;
			sourceTree = "<group>";
		};
/* End PBXFileSystemSynchronizedRootGroup section */

/* Begin PBXFrameworksBuildPhase section */
		8306B7632CE8EFAD00FF9936 /* Frameworks */ = {
			isa = PBXFrameworksBuildPhase;
			buildActionMask = 2147483647;
			files = (
			);
			runOnlyForDeploymentPostprocessing = 0;
		};
		8306B7762CE8EFAE00FF9936 /* Frameworks */ = {
			isa = PBXFrameworksBuildPhase;
			buildActionMask = 2147483647;
			files = (
			);
			runOnlyForDeploymentPostprocessing = 0;
		};
		8306B7802CE8EFAE00FF9936 /* Frameworks */ = {
			isa = PBXFrameworksBuildPhase;
			buildActionMask = 2147483647;
			files = (
			);
			runOnlyForDeploymentPostprocessing = 0;
		};
/* End PBXFrameworksBuildPhase section */

/* Begin PBXGroup section */
		8306B75D2CE8EFAD00FF9936 = {
			isa = PBXGroup;
			children = (
				8306B7682CE8EFAD00FF9936 /* GeoSmith */,
				8306B77C2CE8EFAE00FF9936 /* GeoSmithTests */,
				8306B7862CE8EFAE00FF9936 /* GeoSmithUITests */,
				8306B7672CE8EFAD00FF9936 /* Products */,
			);
			sourceTree = "<group>";
		};
		8306B7672CE8EFAD00FF9936 /* Products */ = {
			isa = PBXGroup;
			children = (
				8306B7662CE8EFAD00FF9936 /* GeoSmith.app */,
				8306B7792CE8EFAE00FF9936 /* GeoSmithTests.xctest */,
				8306B7832CE8EFAE00FF9936 /* GeoSmithUITests.xctest */,
			);
			name = Products;
			sourceTree = "<group>";
		};
/* End PBXGroup section */

/* Begin PBXNativeTarget section */
		8306B7652CE8EFAD00FF9936 /* GeoSmith */ = {
			isa = PBXNativeTarget;
			buildConfigurationList = 8306B78D2CE8EFAE00FF9936 /* Build configuration list for PBXNativeTarget "GeoSmith" */;
			buildPhases = (
				8306B7622CE8EFAD00FF9936 /* Sources */,
				8306B7632CE8EFAD00FF9936 /* Frameworks */,
				8306B7642CE8EFAD00FF9936 /* Resources */,
			);
			buildRules = (
			);
			dependencies = (
			);
			fileSystemSynchronizedGroups = (
				8306B7682CE8EFAD00FF9936 /* GeoSmith */,
			);
			name = GeoSmith;
			packageProductDependencies = (
			);
			productName = geoJSONEditor;
			productReference = 8306B7662CE8EFAD00FF9936 /* GeoSmith.app */;
			productType = "com.apple.product-type.application";
		};
		8306B7782CE8EFAE00FF9936 /* GeoSmithTests */ = {
			isa = PBXNativeTarget;
			buildConfigurationList = 8306B7902CE8EFAE00FF9936 /* Build configuration list for PBXNativeTarget "GeoSmithTests" */;
			buildPhases = (
				8306B7752CE8EFAE00FF9936 /* Sources */,
				8306B7762CE8EFAE00FF9936 /* Frameworks */,
				8306B7772CE8EFAE00FF9936 /* Resources */,
			);
			buildRules = (
			);
			dependencies = (
				8306B77B2CE8EFAE00FF9936 /* PBXTargetDependency */,
			);
			fileSystemSynchronizedGroups = (
				8306B77C2CE8EFAE00FF9936 /* GeoSmithTests */,
			);
			name = GeoSmithTests;
			packageProductDependencies = (
			);
			productName = geoJSONEditorTests;
			productReference = 8306B7792CE8EFAE00FF9936 /* GeoSmithTests.xctest */;
			productType = "com.apple.product-type.bundle.unit-test";
		};
		8306B7822CE8EFAE00FF9936 /* GeoSmithUITests */ = {
			isa = PBXNativeTarget;
			buildConfigurationList = 8306B7932CE8EFAE00FF9936 /* Build configuration list for PBXNativeTarget "GeoSmithUITests" */;
			buildPhases = (
				8306B77F2CE8EFAE00FF9936 /* Sources */,
				8306B7802CE8EFAE00FF9936 /* Frameworks */,
				8306B7812CE8EFAE00FF9936 /* Resources */,
			);
			buildRules = (
			);
			dependencies = (
				8306B7852CE8EFAE00FF9936 /* PBXTargetDependency */,
			);
			fileSystemSynchronizedGroups = (
				8306B7862CE8EFAE00FF9936 /* GeoSmithUITests */,
			);
			name = GeoSmithUITests;
			packageProductDependencies = (
			);
			productName = geoJSONEditorUITests;
			productReference = 8306B7832CE8EFAE00FF9936 /* GeoSmithUITests.xctest */;
			productType = "com.apple.product-type.bundle.ui-testing";
		};
/* End PBXNativeTarget section */

/* Begin PBXProject section */
		8306B75E2CE8EFAD00FF9936 /* Project object */ = {
			isa = PBXProject;
			attributes = {
				BuildIndependentTargetsInParallel = 1;
				LastSwiftUpdateCheck = 1620;
				LastUpgradeCheck = 1620;
				TargetAttributes = {
					8306B7652CE8EFAD00FF9936 = {
						CreatedOnToolsVersion = 16.2;
					};
					8306B7782CE8EFAE00FF9936 = {
						CreatedOnToolsVersion = 16.2;
						TestTargetID = 8306B7652CE8EFAD00FF9936;
					};
					8306B7822CE8EFAE00FF9936 = {
						CreatedOnToolsVersion = 16.2;
						TestTargetID = 8306B7652CE8EFAD00FF9936;
					};
				};
			};
			buildConfigurationList = 8306B7612CE8EFAD00FF9936 /* Build configuration list for PBXProject "GeoSmith" */;
			developmentRegion = en;
			hasScannedForEncodings = 0;
			knownRegions = (
				en,
				Base,
			);
			mainGroup = 8306B75D2CE8EFAD00FF9936;
			minimizedProjectReferenceProxies = 1;
			preferredProjectObjectVersion = 77;
			productRefGroup = 8306B7672CE8EFAD00FF9936 /* Products */;
			projectDirPath = "";
			projectRoot = "";
			targets = (
				8306B7652CE8EFAD00FF9936 /* GeoSmith */,
				8306B7782CE8EFAE00FF9936 /* GeoSmithTests */,
				8306B7822CE8EFAE00FF9936 /* GeoSmithUITests */,
			);
		};
/* End PBXProject section */

/* Begin PBXResourcesBuildPhase section */
		8306B7642CE8EFAD00FF9936 /* Resources */ = {
			isa = PBXResourcesBuildPhase;
			buildActionMask = 2147483647;
			files = (
			);
			runOnlyForDeploymentPostprocessing = 0;
		};
		8306B7772CE8EFAE00FF9936 /* Resources */ = {
			isa = PBXResourcesBuildPhase;
			buildActionMask = 2147483647;
			files = (
			);
			runOnlyForDeploymentPostprocessing = 0;
		};
		8306B7812CE8EFAE00FF9936 /* Resources */ = {
			isa = PBXResourcesBuildPhase;
			buildActionMask = 2147483647;
			files = (
			);
			runOnlyForDeploymentPostprocessing = 0;
		};
/* End PBXResourcesBuildPhase section */

/* Begin PBXSourcesBuildPhase section */
		8306B7622CE8EFAD00FF9936 /* Sources */ = {
			isa = PBXSourcesBuildPhase;
			buildActionMask = 2147483647;
			files = (
			);
			runOnlyForDeploymentPostprocessing = 0;
		};
		8306B7752CE8EFAE00FF9936 /* Sources */ = {
			isa = PBXSourcesBuildPhase;
			buildActionMask = 2147483647;
			files = (
			);
			runOnlyForDeploymentPostprocessing = 0;
		};
		8306B77F2CE8EFAE00FF9936 /* Sources */ = {
			isa = PBXSourcesBuildPhase;
			buildActionMask = 2147483647;
			files = (
			);
			runOnlyForDeploymentPostprocessing = 0;
		};
/* End PBXSourcesBuildPhase section */

/* Begin PBXTargetDependency section */
		8306B77B2CE8EFAE00FF9936 /* PBXTargetDependency */ = {
			isa = PBXTargetDependency;
			target = 8306B7652CE8EFAD00FF9936 /* GeoSmith */;
			targetProxy = 8306B77A2CE8EFAE00FF9936 /* PBXContainerItemProxy */;
		};
		8306B7852CE8EFAE00FF9936 /* PBXTargetDependency */ = {
			isa = PBXTargetDependency;
			target = 8306B7652CE8EFAD00FF9936 /* GeoSmith */;
			targetProxy = 8306B7842CE8EFAE00FF9936 /* PBXContainerItemProxy */;
		};
/* End PBXTargetDependency section */

/* Begin XCBuildConfiguration section */
		8306B78B2CE8EFAE00FF9936 /* Debug */ = {
			isa = XCBuildConfiguration;
			buildSettings = {
				ALWAYS_SEARCH_USER_PATHS = NO;
				ASSETCATALOG_COMPILER_GENERATE_SWIFT_ASSET_SYMBOL_EXTENSIONS = YES;
				CLANG_ANALYZER_NONNULL = YES;
				CLANG_ANALYZER_NUMBER_OBJECT_CONVERSION = YES_AGGRESSIVE;
				CLANG_CXX_LANGUAGE_STANDARD = "gnu++20";
				CLANG_ENABLE_MODULES = YES;
				CLANG_ENABLE_OBJC_ARC = YES;
				CLANG_ENABLE_OBJC_WEAK = YES;
				CLANG_WARN_BLOCK_CAPTURE_AUTORELEASING = YES;
				CLANG_WARN_BOOL_CONVERSION = YES;
				CLANG_WARN_COMMA = YES;
				CLANG_WARN_CONSTANT_CONVERSION = YES;
				CLANG_WARN_DEPRECATED_OBJC_IMPLEMENTATIONS = YES;
				CLANG_WARN_DIRECT_OBJC_ISA_USAGE = YES_ERROR;
				CLANG_WARN_DOCUMENTATION_COMMENTS = YES;
				CLANG_WARN_EMPTY_BODY = YES;
				CLANG_WARN_ENUM_CONVERSION = YES;
				CLANG_WARN_INFINITE_RECURSION = YES;
				CLANG_WARN_INT_CONVERSION = YES;
				CLANG_WARN_NON_LITERAL_NULL_CONVERSION = YES;
				CLANG_WARN_OBJC_IMPLICIT_RETAIN_SELF = YES;
				CLANG_WARN_OBJC_LITERAL_CONVERSION = YES;
				CLANG_WARN_OBJC_ROOT_CLASS = YES_ERROR;
				CLANG_WARN_QUOTED_INCLUDE_IN_FRAMEWORK_HEADER = YES;
				CLANG_WARN_RANGE_LOOP_ANALYSIS = YES;
				CLANG_WARN_STRICT_PROTOTYPES = YES;
				CLANG_WARN_SUSPICIOUS_MOVE = YES;
				CLANG_WARN_UNGUARDED_AVAILABILITY = YES_AGGRESSIVE;
				CLANG_WARN_UNREACHABLE_CODE = YES;
				CLANG_WARN__DUPLICATE_METHOD_MATCH = YES;
				COPY_PHASE_STRIP = NO;
				DEBUG_INFORMATION_FORMAT = dwarf;
				ENABLE_STRICT_OBJC_MSGSEND = YES;
				ENABLE_TESTABILITY = YES;
				ENABLE_USER_SCRIPT_SANDBOXING = YES;
				GCC_C_LANGUAGE_STANDARD = gnu17;
				GCC_DYNAMIC_NO_PIC = NO;
				GCC_NO_COMMON_BLOCKS = YES;
				GCC_OPTIMIZATION_LEVEL = 0;
				GCC_PREPROCESSOR_DEFINITIONS = (
					"DEBUG=1",
					"$(inherited)",
				);
				GCC_WARN_64_TO_32_BIT_CONVERSION = YES;
				GCC_WARN_ABOUT_RETURN_TYPE = YES_ERROR;
				GCC_WARN_UNDECLARED_SELECTOR = YES;
				GCC_WARN_UNINITIALIZED_AUTOS = YES_AGGRESSIVE;
				GCC_WARN_UNUSED_FUNCTION = YES;
				GCC_WARN_UNUSED_VARIABLE = YES;
				LOCALIZATION_PREFERS_STRING_CATALOGS = YES;
				MACOSX_DEPLOYMENT_TARGET = 15.2;
				MTL_ENABLE_DEBUG_INFO = INCLUDE_SOURCE;
				MTL_FAST_MATH = YES;
				ONLY_ACTIVE_ARCH = YES;
				SDKROOT = macosx;
				SWIFT_ACTIVE_COMPILATION_CONDITIONS = "DEBUG $(inherited)";
				SWIFT_OPTIMIZATION_LEVEL = "-Onone";
			};
			name = Debug;
		};
		8306B78C2CE8EFAE00FF9936 /* Release */ = {
			isa = XCBuildConfiguration;
			buildSettings = {
				ALWAYS_SEARCH_USER_PATHS = NO;
				ASSETCATALOG_COMPILER_GENERATE_SWIFT_ASSET_SYMBOL_EXTENSIONS = YES;
				CLANG_ANALYZER_NONNULL = YES;
				CLANG_ANALYZER_NUMBER_OBJECT_CONVERSION = YES_AGGRESSIVE;
				CLANG_CXX_LANGUAGE_STANDARD = "gnu++20";
				CLANG_ENABLE_MODULES = YES;
				CLANG_ENABLE_OBJC_ARC = YES;
				CLANG_ENABLE_OBJC_WEAK = YES;
				CLANG_WARN_BLOCK_CAPTURE_AUTORELEASING = YES;
				CLANG_WARN_BOOL_CONVERSION = YES;
				CLANG_WARN_COMMA = YES;
				CLANG_WARN_CONSTANT_CONVERSION = YES;
				CLANG_WARN_DEPRECATED_OBJC_IMPLEMENTATIONS = YES;
				CLANG_WARN_DIRECT_OBJC_ISA_USAGE = YES_ERROR;
				CLANG_WARN_DOCUMENTATION_COMMENTS = YES;
				CLANG_WARN_EMPTY_BODY = YES;
				CLANG_WARN_ENUM_CONVERSION = YES;
				CLANG_WARN_INFINITE_RECURSION = YES;
				CLANG_WARN_INT_CONVERSION = YES;
				CLANG_WARN_NON_LITERAL_NULL_CONVERSION = YES;
				CLANG_WARN_OBJC_IMPLICIT_RETAIN_SELF = YES;
				CLANG_WARN_OBJC_LITERAL_CONVERSION = YES;
				CLANG_WARN_OBJC_ROOT_CLASS = YES_ERROR;
				CLANG_WARN_QUOTED_INCLUDE_IN_FRAMEWORK_HEADER = YES;
				CLANG_WARN_RANGE_LOOP_ANALYSIS = YES;
				CLANG_WARN_STRICT_PROTOTYPES = YES;
				CLANG_WARN_SUSPICIOUS_MOVE = YES;
				CLANG_WARN_UNGUARDED_AVAILABILITY = YES_AGGRESSIVE;
				CLANG_WARN_UNREACHABLE_CODE = YES;
				CLANG_WARN__DUPLICATE_METHOD_MATCH = YES;
				COPY_PHASE_STRIP = NO;
				DEBUG_INFORMATION_FORMAT = "dwarf-with-dsym";
				ENABLE_NS_ASSERTIONS = NO;
				ENABLE_STRICT_OBJC_MSGSEND = YES;
				ENABLE_USER_SCRIPT_SANDBOXING = YES;
				GCC_C_LANGUAGE_STANDARD = gnu17;
				GCC_NO_COMMON_BLOCKS = YES;
				GCC_WARN_64_TO_32_BIT_CONVERSION = YES;
				GCC_WARN_ABOUT_RETURN_TYPE = YES_ERROR;
				GCC_WARN_UNDECLARED_SELECTOR = YES;
				GCC_WARN_UNINITIALIZED_AUTOS = YES_AGGRESSIVE;
				GCC_WARN_UNUSED_FUNCTION = YES;
				GCC_WARN_UNUSED_VARIABLE = YES;
				LOCALIZATION_PREFERS_STRING_CATALOGS = YES;
				MACOSX_DEPLOYMENT_TARGET = 15.2;
				MTL_ENABLE_DEBUG_INFO = NO;
				MTL_FAST_MATH = YES;
				SDKROOT = macosx;
				SWIFT_COMPILATION_MODE = wholemodule;
			};
			name = Release;
		};
		8306B78E2CE8EFAE00FF9936 /* Debug */ = {
			isa = XCBuildConfiguration;
			buildSettings = {
				ASSETCATALOG_COMPILER_APPICON_NAME = "App Icon";
				ASSETCATALOG_COMPILER_GLOBAL_ACCENT_COLOR_NAME = AccentColor;
				ASSETCATALOG_COMPILER_INCLUDE_ALL_APPICON_ASSETS = YES;
				CODE_SIGN_ENTITLEMENTS = GeoSmith/GeoSmith.entitlements;
				CODE_SIGN_IDENTITY = "Apple Development";
				CODE_SIGN_STYLE = Automatic;
				COMBINE_HIDPI_IMAGES = YES;
				CURRENT_PROJECT_VERSION = 1;
				DEVELOPMENT_ASSET_PATHS = "\"GeoSmith/Preview Content\"";
				DEVELOPMENT_TEAM = BR64C5CNSD;
				ENABLE_HARDENED_RUNTIME = YES;
				ENABLE_PREVIEWS = YES;
				GENERATE_INFOPLIST_FILE = YES;
				INFOPLIST_KEY_CFBundleDisplayName = Sevro;
				INFOPLIST_KEY_NSHumanReadableCopyright = "";
				LD_RUNPATH_SEARCH_PATHS = (
					"$(inherited)",
					"@executable_path/../Frameworks",
				);
				MACOSX_DEPLOYMENT_TARGET = 14.0;
				MARKETING_VERSION = 1.0;
				PRODUCT_BUNDLE_IDENTIFIER = chrisfree.geoSmith;
				PRODUCT_NAME = "$(TARGET_NAME)";
				PROVISIONING_PROFILE_SPECIFIER = "";
				SWIFT_EMIT_LOC_STRINGS = YES;
				SWIFT_VERSION = 5.0;
			};
			name = Debug;
		};
		8306B78F2CE8EFAE00FF9936 /* Release */ = {
			isa = XCBuildConfiguration;
			buildSettings = {
				ASSETCATALOG_COMPILER_APPICON_NAME = "App Icon";
				ASSETCATALOG_COMPILER_GLOBAL_ACCENT_COLOR_NAME = AccentColor;
				ASSETCATALOG_COMPILER_INCLUDE_ALL_APPICON_ASSETS = YES;
				CODE_SIGN_ENTITLEMENTS = GeoSmith/GeoSmith.entitlements;
				CODE_SIGN_IDENTITY = "Apple Development";
				CODE_SIGN_STYLE = Automatic;
				COMBINE_HIDPI_IMAGES = YES;
				CURRENT_PROJECT_VERSION = 1;
				DEVELOPMENT_ASSET_PATHS = "\"GeoSmith/Preview Content\"";
				DEVELOPMENT_TEAM = BR64C5CNSD;
				ENABLE_HARDENED_RUNTIME = YES;
				ENABLE_PREVIEWS = YES;
				GENERATE_INFOPLIST_FILE = YES;
				INFOPLIST_KEY_CFBundleDisplayName = Sevro;
				INFOPLIST_KEY_NSHumanReadableCopyright = "";
				LD_RUNPATH_SEARCH_PATHS = (
					"$(inherited)",
					"@executable_path/../Frameworks",
				);
				MACOSX_DEPLOYMENT_TARGET = 14.0;
				MARKETING_VERSION = 1.0;
				PRODUCT_BUNDLE_IDENTIFIER = chrisfree.geoSmith;
				PRODUCT_NAME = "$(TARGET_NAME)";
				PROVISIONING_PROFILE_SPECIFIER = "";
				SWIFT_EMIT_LOC_STRINGS = YES;
				SWIFT_VERSION = 5.0;
			};
			name = Release;
		};
		8306B7912CE8EFAE00FF9936 /* Debug */ = {
			isa = XCBuildConfiguration;
			buildSettings = {
				BUNDLE_LOADER = "$(TEST_HOST)";
				CODE_SIGN_STYLE = Automatic;
				CURRENT_PROJECT_VERSION = 1;
				DEVELOPMENT_TEAM = BR64C5CNSD;
				GENERATE_INFOPLIST_FILE = YES;
				MACOSX_DEPLOYMENT_TARGET = 14.0;
				MARKETING_VERSION = 1.0;
				PRODUCT_BUNDLE_IDENTIFIER = chrisfree.geoSmithTests;
				PRODUCT_NAME = "$(TARGET_NAME)";
				SWIFT_EMIT_LOC_STRINGS = NO;
				SWIFT_VERSION = 5.0;
				TEST_HOST = "$(BUILT_PRODUCTS_DIR)/GeoSmith.app/$(BUNDLE_EXECUTABLE_FOLDER_PATH)/GeoSmith";
			};
			name = Debug;
		};
		8306B7922CE8EFAE00FF9936 /* Release */ = {
			isa = XCBuildConfiguration;
			buildSettings = {
				BUNDLE_LOADER = "$(TEST_HOST)";
				CODE_SIGN_STYLE = Automatic;
				CURRENT_PROJECT_VERSION = 1;
				DEVELOPMENT_TEAM = BR64C5CNSD;
				GENERATE_INFOPLIST_FILE = YES;
				MACOSX_DEPLOYMENT_TARGET = 14.0;
				MARKETING_VERSION = 1.0;
				PRODUCT_BUNDLE_IDENTIFIER = chrisfree.geoSmithTests;
				PRODUCT_NAME = "$(TARGET_NAME)";
				SWIFT_EMIT_LOC_STRINGS = NO;
				SWIFT_VERSION = 5.0;
				TEST_HOST = "$(BUILT_PRODUCTS_DIR)/GeoSmith.app/$(BUNDLE_EXECUTABLE_FOLDER_PATH)/GeoSmith";
			};
			name = Release;
		};
		8306B7942CE8EFAE00FF9936 /* Debug */ = {
			isa = XCBuildConfiguration;
			buildSettings = {
				CODE_SIGN_STYLE = Automatic;
				CURRENT_PROJECT_VERSION = 1;
				DEVELOPMENT_TEAM = BR64C5CNSD;
				GENERATE_INFOPLIST_FILE = YES;
				MARKETING_VERSION = 1.0;
				PRODUCT_BUNDLE_IDENTIFIER = chrisfree.geoSmithUITests;
				PRODUCT_NAME = "$(TARGET_NAME)";
				SWIFT_EMIT_LOC_STRINGS = NO;
				SWIFT_VERSION = 5.0;
				TEST_TARGET_NAME = geoJSONEditor;
			};
			name = Debug;
		};
		8306B7952CE8EFAE00FF9936 /* Release */ = {
			isa = XCBuildConfiguration;
			buildSettings = {
				CODE_SIGN_STYLE = Automatic;
				CURRENT_PROJECT_VERSION = 1;
				DEVELOPMENT_TEAM = BR64C5CNSD;
				GENERATE_INFOPLIST_FILE = YES;
				MARKETING_VERSION = 1.0;
				PRODUCT_BUNDLE_IDENTIFIER = chrisfree.geoSmithUITests;
				PRODUCT_NAME = "$(TARGET_NAME)";
				SWIFT_EMIT_LOC_STRINGS = NO;
				SWIFT_VERSION = 5.0;
				TEST_TARGET_NAME = geoJSONEditor;
			};
			name = Release;
		};
/* End XCBuildConfiguration section */

/* Begin XCConfigurationList section */
		8306B7612CE8EFAD00FF9936 /* Build configuration list for PBXProject "GeoSmith" */ = {
			isa = XCConfigurationList;
			buildConfigurations = (
				8306B78B2CE8EFAE00FF9936 /* Debug */,
				8306B78C2CE8EFAE00FF9936 /* Release */,
			);
			defaultConfigurationIsVisible = 0;
			defaultConfigurationName = Release;
		};
		8306B78D2CE8EFAE00FF9936 /* Build configuration list for PBXNativeTarget "GeoSmith" */ = {
			isa = XCConfigurationList;
			buildConfigurations = (
				8306B78E2CE8EFAE00FF9936 /* Debug */,
				8306B78F2CE8EFAE00FF9936 /* Release */,
			);
			defaultConfigurationIsVisible = 0;
			defaultConfigurationName = Release;
		};
		8306B7902CE8EFAE00FF9936 /* Build configuration list for PBXNativeTarget "GeoSmithTests" */ = {
			isa = XCConfigurationList;
			buildConfigurations = (
				8306B7912CE8EFAE00FF9936 /* Debug */,
				8306B7922CE8EFAE00FF9936 /* Release */,
			);
			defaultConfigurationIsVisible = 0;
			defaultConfigurationName = Release;
		};
		8306B7932CE8EFAE00FF9936 /* Build configuration list for PBXNativeTarget "GeoSmithUITests" */ = {
			isa = XCConfigurationList;
			buildConfigurations = (
				8306B7942CE8EFAE00FF9936 /* Debug */,
				8306B7952CE8EFAE00FF9936 /* Release */,
			);
			defaultConfigurationIsVisible = 0;
			defaultConfigurationName = Release;
		};
/* End XCConfigurationList section */
	};
	rootObject = 8306B75E2CE8EFAD00FF9936 /* Project object */;
}
